// !$*UTF8*$!
{
	archiveVersion = 1;
	classes = {
	};
	objectVersion = 46;
	objects = {

/* Begin PBXBuildFile section */
		481E7DC81AEE292A008A7986 /* Example2ViewController.m in Sources */ = {isa = PBXBuildFile; fileRef = 481E7DC71AEE292A008A7986 /* Example2ViewController.m */; };
		481E7DCE1AEE293D008A7986 /* Example3ViewController.m in Sources */ = {isa = PBXBuildFile; fileRef = 481E7DCD1AEE293D008A7986 /* Example3ViewController.m */; };
		481E7DF51AEE4A99008A7986 /* MLPhotoBrowserAssets.m in Sources */ = {isa = PBXBuildFile; fileRef = 481E7DDF1AEE4A99008A7986 /* MLPhotoBrowserAssets.m */; };
		481E7DF61AEE4A99008A7986 /* MLPhotoBrowserDatas.m in Sources */ = {isa = PBXBuildFile; fileRef = 481E7DE11AEE4A99008A7986 /* MLPhotoBrowserDatas.m */; };
		481E7DF71AEE4A99008A7986 /* MLPhotoBrowserPhoto.m in Sources */ = {isa = PBXBuildFile; fileRef = 481E7DE31AEE4A99008A7986 /* MLPhotoBrowserPhoto.m */; };
		481E7DF81AEE4A99008A7986 /* UIView+MLExtension.m in Sources */ = {isa = PBXBuildFile; fileRef = 481E7DE51AEE4A99008A7986 /* UIView+MLExtension.m */; };
		481E7DF91AEE4A99008A7986 /* MLPhotoBrowserSignleViewController.m in Sources */ = {isa = PBXBuildFile; fileRef = 481E7DE81AEE4A99008A7986 /* MLPhotoBrowserSignleViewController.m */; };
		481E7DFA1AEE4A99008A7986 /* MLPhotoBrowserViewController.m in Sources */ = {isa = PBXBuildFile; fileRef = 481E7DEA1AEE4A99008A7986 /* MLPhotoBrowserViewController.m */; };
		481E7DFB1AEE4A99008A7986 /* MLPhotoBrowserCustomToolBarView.m in Sources */ = {isa = PBXBuildFile; fileRef = 481E7DED1AEE4A99008A7986 /* MLPhotoBrowserCustomToolBarView.m */; };
		481E7DFC1AEE4A99008A7986 /* MLPhotoBrowserPhotoImageView.m in Sources */ = {isa = PBXBuildFile; fileRef = 481E7DEF1AEE4A99008A7986 /* MLPhotoBrowserPhotoImageView.m */; };
		481E7DFD1AEE4A99008A7986 /* MLPhotoBrowserPhotoScrollView.m in Sources */ = {isa = PBXBuildFile; fileRef = 481E7DF11AEE4A99008A7986 /* MLPhotoBrowserPhotoScrollView.m */; };
		481E7DFE1AEE4A99008A7986 /* MLPhotoBrowserPhotoView.m in Sources */ = {isa = PBXBuildFile; fileRef = 481E7DF31AEE4A99008A7986 /* MLPhotoBrowserPhotoView.m */; };
		481E7DFF1AEE4A99008A7986 /* MLPhotoBrowser.bundle in Resources */ = {isa = PBXBuildFile; fileRef = 481E7DF41AEE4A99008A7986 /* MLPhotoBrowser.bundle */; };
		481E7E051AEE4C76008A7986 /* UIImage+MLImageForBundle.m in Sources */ = {isa = PBXBuildFile; fileRef = 481E7E041AEE4C76008A7986 /* UIImage+MLImageForBundle.m */; };
		48CE80811AEDE3F700AD85BB /* Example1ViewController.m in Sources */ = {isa = PBXBuildFile; fileRef = 48CE80801AEDE3F700AD85BB /* Example1ViewController.m */; };
		48D198F71AED379500762BC2 /* main.m in Sources */ = {isa = PBXBuildFile; fileRef = 48D198F61AED379500762BC2 /* main.m */; };
		48D198FA1AED379500762BC2 /* AppDelegate.m in Sources */ = {isa = PBXBuildFile; fileRef = 48D198F91AED379500762BC2 /* AppDelegate.m */; };
		48D198FD1AED379500762BC2 /* ViewController.m in Sources */ = {isa = PBXBuildFile; fileRef = 48D198FC1AED379500762BC2 /* ViewController.m */; };
		48D199001AED379500762BC2 /* Main.storyboard in Resources */ = {isa = PBXBuildFile; fileRef = 48D198FE1AED379500762BC2 /* Main.storyboard */; };
		48D199021AED379500762BC2 /* Images.xcassets in Resources */ = {isa = PBXBuildFile; fileRef = 48D199011AED379500762BC2 /* Images.xcassets */; };
		48D199051AED379500762BC2 /* LaunchScreen.xib in Resources */ = {isa = PBXBuildFile; fileRef = 48D199031AED379500762BC2 /* LaunchScreen.xib */; };
		48D199111AED379500762BC2 /* MLPhotoBrowserTests.m in Sources */ = {isa = PBXBuildFile; fileRef = 48D199101AED379500762BC2 /* MLPhotoBrowserTests.m */; };
		BBF12488E0B1D30E17A1E66B /* libPods.a in Frameworks */ = {isa = PBXBuildFile; fileRef = B530A2FF5EDEEC8AD791F390 /* libPods.a */; };
/* End PBXBuildFile section */

/* Begin PBXContainerItemProxy section */
		48D1990B1AED379500762BC2 /* PBXContainerItemProxy */ = {
			isa = PBXContainerItemProxy;
			containerPortal = 48D198E91AED379500762BC2 /* Project object */;
			proxyType = 1;
			remoteGlobalIDString = 48D198F01AED379500762BC2;
			remoteInfo = MLPhotoBrowser;
		};
/* End PBXContainerItemProxy section */

/* Begin PBXFileReference section */
		1C1FAD5CFBBF4507DE35E9F2 /* Pods.release.xcconfig */ = {isa = PBXFileReference; includeInIndex = 1; lastKnownFileType = text.xcconfig; name = Pods.release.xcconfig; path = "Pods/Target Support Files/Pods/Pods.release.xcconfig"; sourceTree = "<group>"; };
		481E7DC61AEE292A008A7986 /* Example2ViewController.h */ = {isa = PBXFileReference; fileEncoding = 4; lastKnownFileType = sourcecode.c.h; path = Example2ViewController.h; sourceTree = "<group>"; };
		481E7DC71AEE292A008A7986 /* Example2ViewController.m */ = {isa = PBXFileReference; fileEncoding = 4; lastKnownFileType = sourcecode.c.objc; path = Example2ViewController.m; sourceTree = "<group>"; };
		481E7DCC1AEE293D008A7986 /* Example3ViewController.h */ = {isa = PBXFileReference; fileEncoding = 4; lastKnownFileType = sourcecode.c.h; path = Example3ViewController.h; sourceTree = "<group>"; };
		481E7DCD1AEE293D008A7986 /* Example3ViewController.m */ = {isa = PBXFileReference; fileEncoding = 4; lastKnownFileType = sourcecode.c.objc; path = Example3ViewController.m; sourceTree = "<group>"; };
		481E7DDE1AEE4A99008A7986 /* MLPhotoBrowserAssets.h */ = {isa = PBXFileReference; fileEncoding = 4; lastKnownFileType = sourcecode.c.h; path = MLPhotoBrowserAssets.h; sourceTree = "<group>"; };
		481E7DDF1AEE4A99008A7986 /* MLPhotoBrowserAssets.m */ = {isa = PBXFileReference; fileEncoding = 4; lastKnownFileType = sourcecode.c.objc; path = MLPhotoBrowserAssets.m; sourceTree = "<group>"; };
		481E7DE01AEE4A99008A7986 /* MLPhotoBrowserDatas.h */ = {isa = PBXFileReference; fileEncoding = 4; lastKnownFileType = sourcecode.c.h; path = MLPhotoBrowserDatas.h; sourceTree = "<group>"; };
		481E7DE11AEE4A99008A7986 /* MLPhotoBrowserDatas.m */ = {isa = PBXFileReference; fileEncoding = 4; lastKnownFileType = sourcecode.c.objc; path = MLPhotoBrowserDatas.m; sourceTree = "<group>"; };
		481E7DE21AEE4A99008A7986 /* MLPhotoBrowserPhoto.h */ = {isa = PBXFileReference; fileEncoding = 4; lastKnownFileType = sourcecode.c.h; path = MLPhotoBrowserPhoto.h; sourceTree = "<group>"; };
		481E7DE31AEE4A99008A7986 /* MLPhotoBrowserPhoto.m */ = {isa = PBXFileReference; fileEncoding = 4; lastKnownFileType = sourcecode.c.objc; path = MLPhotoBrowserPhoto.m; sourceTree = "<group>"; };
		481E7DE41AEE4A99008A7986 /* UIView+MLExtension.h */ = {isa = PBXFileReference; fileEncoding = 4; lastKnownFileType = sourcecode.c.h; path = "UIView+MLExtension.h"; sourceTree = "<group>"; };
		481E7DE51AEE4A99008A7986 /* UIView+MLExtension.m */ = {isa = PBXFileReference; fileEncoding = 4; lastKnownFileType = sourcecode.c.objc; path = "UIView+MLExtension.m"; sourceTree = "<group>"; };
		481E7DE71AEE4A99008A7986 /* MLPhotoBrowserSignleViewController.h */ = {isa = PBXFileReference; fileEncoding = 4; lastKnownFileType = sourcecode.c.h; path = MLPhotoBrowserSignleViewController.h; sourceTree = "<group>"; };
		481E7DE81AEE4A99008A7986 /* MLPhotoBrowserSignleViewController.m */ = {isa = PBXFileReference; fileEncoding = 4; lastKnownFileType = sourcecode.c.objc; path = MLPhotoBrowserSignleViewController.m; sourceTree = "<group>"; };
		481E7DE91AEE4A99008A7986 /* MLPhotoBrowserViewController.h */ = {isa = PBXFileReference; fileEncoding = 4; lastKnownFileType = sourcecode.c.h; path = MLPhotoBrowserViewController.h; sourceTree = "<group>"; };
		481E7DEA1AEE4A99008A7986 /* MLPhotoBrowserViewController.m */ = {isa = PBXFileReference; fileEncoding = 4; lastKnownFileType = sourcecode.c.objc; path = MLPhotoBrowserViewController.m; sourceTree = "<group>"; };
		481E7DEC1AEE4A99008A7986 /* MLPhotoBrowserCustomToolBarView.h */ = {isa = PBXFileReference; fileEncoding = 4; lastKnownFileType = sourcecode.c.h; path = MLPhotoBrowserCustomToolBarView.h; sourceTree = "<group>"; };
		481E7DED1AEE4A99008A7986 /* MLPhotoBrowserCustomToolBarView.m */ = {isa = PBXFileReference; fileEncoding = 4; lastKnownFileType = sourcecode.c.objc; path = MLPhotoBrowserCustomToolBarView.m; sourceTree = "<group>"; };
		481E7DEE1AEE4A99008A7986 /* MLPhotoBrowserPhotoImageView.h */ = {isa = PBXFileReference; fileEncoding = 4; lastKnownFileType = sourcecode.c.h; path = MLPhotoBrowserPhotoImageView.h; sourceTree = "<group>"; };
		481E7DEF1AEE4A99008A7986 /* MLPhotoBrowserPhotoImageView.m */ = {isa = PBXFileReference; fileEncoding = 4; lastKnownFileType = sourcecode.c.objc; path = MLPhotoBrowserPhotoImageView.m; sourceTree = "<group>"; };
		481E7DF01AEE4A99008A7986 /* MLPhotoBrowserPhotoScrollView.h */ = {isa = PBXFileReference; fileEncoding = 4; lastKnownFileType = sourcecode.c.h; path = MLPhotoBrowserPhotoScrollView.h; sourceTree = "<group>"; };
		481E7DF11AEE4A99008A7986 /* MLPhotoBrowserPhotoScrollView.m */ = {isa = PBXFileReference; fileEncoding = 4; lastKnownFileType = sourcecode.c.objc; path = MLPhotoBrowserPhotoScrollView.m; sourceTree = "<group>"; };
		481E7DF21AEE4A99008A7986 /* MLPhotoBrowserPhotoView.h */ = {isa = PBXFileReference; fileEncoding = 4; lastKnownFileType = sourcecode.c.h; path = MLPhotoBrowserPhotoView.h; sourceTree = "<group>"; };
		481E7DF31AEE4A99008A7986 /* MLPhotoBrowserPhotoView.m */ = {isa = PBXFileReference; fileEncoding = 4; lastKnownFileType = sourcecode.c.objc; path = MLPhotoBrowserPhotoView.m; sourceTree = "<group>"; };
		481E7DF41AEE4A99008A7986 /* MLPhotoBrowser.bundle */ = {isa = PBXFileReference; lastKnownFileType = "wrapper.plug-in"; path = MLPhotoBrowser.bundle; sourceTree = "<group>"; };
		481E7E031AEE4C76008A7986 /* UIImage+MLImageForBundle.h */ = {isa = PBXFileReference; fileEncoding = 4; lastKnownFileType = sourcecode.c.h; path = "UIImage+MLImageForBundle.h"; sourceTree = "<group>"; };
		481E7E041AEE4C76008A7986 /* UIImage+MLImageForBundle.m */ = {isa = PBXFileReference; fileEncoding = 4; lastKnownFileType = sourcecode.c.objc; path = "UIImage+MLImageForBundle.m"; sourceTree = "<group>"; };
		48CE807F1AEDE3F700AD85BB /* Example1ViewController.h */ = {isa = PBXFileReference; fileEncoding = 4; lastKnownFileType = sourcecode.c.h; path = Example1ViewController.h; sourceTree = "<group>"; };
		48CE80801AEDE3F700AD85BB /* Example1ViewController.m */ = {isa = PBXFileReference; fileEncoding = 4; lastKnownFileType = sourcecode.c.objc; path = Example1ViewController.m; sourceTree = "<group>"; };
		48D198F11AED379500762BC2 /* MLPhotoBrowser.app */ = {isa = PBXFileReference; explicitFileType = wrapper.application; includeInIndex = 0; path = MLPhotoBrowser.app; sourceTree = BUILT_PRODUCTS_DIR; };
		48D198F51AED379500762BC2 /* Info.plist */ = {isa = PBXFileReference; lastKnownFileType = text.plist.xml; path = Info.plist; sourceTree = "<group>"; };
		48D198F61AED379500762BC2 /* main.m */ = {isa = PBXFileReference; lastKnownFileType = sourcecode.c.objc; path = main.m; sourceTree = "<group>"; };
		48D198F81AED379500762BC2 /* AppDelegate.h */ = {isa = PBXFileReference; lastKnownFileType = sourcecode.c.h; path = AppDelegate.h; sourceTree = "<group>"; };
		48D198F91AED379500762BC2 /* AppDelegate.m */ = {isa = PBXFileReference; lastKnownFileType = sourcecode.c.objc; path = AppDelegate.m; sourceTree = "<group>"; };
		48D198FB1AED379500762BC2 /* ViewController.h */ = {isa = PBXFileReference; lastKnownFileType = sourcecode.c.h; path = ViewController.h; sourceTree = "<group>"; };
		48D198FC1AED379500762BC2 /* ViewController.m */ = {isa = PBXFileReference; lastKnownFileType = sourcecode.c.objc; path = ViewController.m; sourceTree = "<group>"; };
		48D198FF1AED379500762BC2 /* Base */ = {isa = PBXFileReference; lastKnownFileType = file.storyboard; name = Base; path = Base.lproj/Main.storyboard; sourceTree = "<group>"; };
		48D199011AED379500762BC2 /* Images.xcassets */ = {isa = PBXFileReference; lastKnownFileType = folder.assetcatalog; path = Images.xcassets; sourceTree = "<group>"; };
		48D199041AED379500762BC2 /* Base */ = {isa = PBXFileReference; lastKnownFileType = file.xib; name = Base; path = Base.lproj/LaunchScreen.xib; sourceTree = "<group>"; };
		48D1990A1AED379500762BC2 /* MLPhotoBrowserTests.xctest */ = {isa = PBXFileReference; explicitFileType = wrapper.cfbundle; includeInIndex = 0; path = MLPhotoBrowserTests.xctest; sourceTree = BUILT_PRODUCTS_DIR; };
		48D1990F1AED379500762BC2 /* Info.plist */ = {isa = PBXFileReference; lastKnownFileType = text.plist.xml; path = Info.plist; sourceTree = "<group>"; };
		48D199101AED379500762BC2 /* MLPhotoBrowserTests.m */ = {isa = PBXFileReference; lastKnownFileType = sourcecode.c.objc; path = MLPhotoBrowserTests.m; sourceTree = "<group>"; };
		A0BBA55AC470A0760BFE05E8 /* Pods.debug.xcconfig */ = {isa = PBXFileReference; includeInIndex = 1; lastKnownFileType = text.xcconfig; name = Pods.debug.xcconfig; path = "Pods/Target Support Files/Pods/Pods.debug.xcconfig"; sourceTree = "<group>"; };
		B530A2FF5EDEEC8AD791F390 /* libPods.a */ = {isa = PBXFileReference; explicitFileType = archive.ar; includeInIndex = 0; path = libPods.a; sourceTree = BUILT_PRODUCTS_DIR; };
/* End PBXFileReference section */

/* Begin PBXFrameworksBuildPhase section */
		48D198EE1AED379500762BC2 /* Frameworks */ = {
			isa = PBXFrameworksBuildPhase;
			buildActionMask = 2147483647;
			files = (
				BBF12488E0B1D30E17A1E66B /* libPods.a in Frameworks */,
			);
			runOnlyForDeploymentPostprocessing = 0;
		};
		48D199071AED379500762BC2 /* Frameworks */ = {
			isa = PBXFrameworksBuildPhase;
			buildActionMask = 2147483647;
			files = (
			);
			runOnlyForDeploymentPostprocessing = 0;
		};
/* End PBXFrameworksBuildPhase section */

/* Begin PBXGroup section */
		481E7DDB1AEE4A99008A7986 /* MLPhotoBrowser */ = {
			isa = PBXGroup;
			children = (
				481E7DDC1AEE4A99008A7986 /* Classes */,
				481E7DF41AEE4A99008A7986 /* MLPhotoBrowser.bundle */,
			);
			name = MLPhotoBrowser;
			path = ../../MLPhotoBrowser;
			sourceTree = "<group>";
		};
		481E7DDC1AEE4A99008A7986 /* Classes */ = {
			isa = PBXGroup;
			children = (
				481E7E031AEE4C76008A7986 /* UIImage+MLImageForBundle.h */,
				481E7E041AEE4C76008A7986 /* UIImage+MLImageForBundle.m */,
				481E7DDD1AEE4A99008A7986 /* Models */,
				481E7DE41AEE4A99008A7986 /* UIView+MLExtension.h */,
				481E7DE51AEE4A99008A7986 /* UIView+MLExtension.m */,
				481E7DE61AEE4A99008A7986 /* ViewControllers */,
				481E7DEB1AEE4A99008A7986 /* Views */,
			);
			path = Classes;
			sourceTree = "<group>";
		};
		481E7DDD1AEE4A99008A7986 /* Models */ = {
			isa = PBXGroup;
			children = (
				481E7DDE1AEE4A99008A7986 /* MLPhotoBrowserAssets.h */,
				481E7DDF1AEE4A99008A7986 /* MLPhotoBrowserAssets.m */,
				481E7DE01AEE4A99008A7986 /* MLPhotoBrowserDatas.h */,
				481E7DE11AEE4A99008A7986 /* MLPhotoBrowserDatas.m */,
				481E7DE21AEE4A99008A7986 /* MLPhotoBrowserPhoto.h */,
				481E7DE31AEE4A99008A7986 /* MLPhotoBrowserPhoto.m */,
			);
			path = Models;
			sourceTree = "<group>";
		};
		481E7DE61AEE4A99008A7986 /* ViewControllers */ = {
			isa = PBXGroup;
			children = (
				481E7DE71AEE4A99008A7986 /* MLPhotoBrowserSignleViewController.h */,
				481E7DE81AEE4A99008A7986 /* MLPhotoBrowserSignleViewController.m */,
				481E7DE91AEE4A99008A7986 /* MLPhotoBrowserViewController.h */,
				481E7DEA1AEE4A99008A7986 /* MLPhotoBrowserViewController.m */,
			);
			path = ViewControllers;
			sourceTree = "<group>";
		};
		481E7DEB1AEE4A99008A7986 /* Views */ = {
			isa = PBXGroup;
			children = (
				481E7DEC1AEE4A99008A7986 /* MLPhotoBrowserCustomToolBarView.h */,
				481E7DED1AEE4A99008A7986 /* MLPhotoBrowserCustomToolBarView.m */,
				481E7DEE1AEE4A99008A7986 /* MLPhotoBrowserPhotoImageView.h */,
				481E7DEF1AEE4A99008A7986 /* MLPhotoBrowserPhotoImageView.m */,
				481E7DF01AEE4A99008A7986 /* MLPhotoBrowserPhotoScrollView.h */,
				481E7DF11AEE4A99008A7986 /* MLPhotoBrowserPhotoScrollView.m */,
				481E7DF21AEE4A99008A7986 /* MLPhotoBrowserPhotoView.h */,
				481E7DF31AEE4A99008A7986 /* MLPhotoBrowserPhotoView.m */,
			);
			path = Views;
			sourceTree = "<group>";
		};
		48CE807E1AEDE3E500AD85BB /* Example */ = {
			isa = PBXGroup;
			children = (
				48CE807F1AEDE3F700AD85BB /* Example1ViewController.h */,
				48CE80801AEDE3F700AD85BB /* Example1ViewController.m */,
				481E7DC61AEE292A008A7986 /* Example2ViewController.h */,
				481E7DC71AEE292A008A7986 /* Example2ViewController.m */,
				481E7DCC1AEE293D008A7986 /* Example3ViewController.h */,
				481E7DCD1AEE293D008A7986 /* Example3ViewController.m */,
			);
			path = Example;
			sourceTree = "<group>";
		};
		48D198E81AED379500762BC2 = {
			isa = PBXGroup;
			children = (
				48D198F31AED379500762BC2 /* MLPhotoBrowser */,
				48D1990D1AED379500762BC2 /* MLPhotoBrowserTests */,
				48D198F21AED379500762BC2 /* Products */,
				90DDE57D4C5A1F1E4AA2CADE /* Pods */,
				D85A391B8D110E86D6359A18 /* Frameworks */,
			);
			sourceTree = "<group>";
		};
		48D198F21AED379500762BC2 /* Products */ = {
			isa = PBXGroup;
			children = (
				48D198F11AED379500762BC2 /* MLPhotoBrowser.app */,
				48D1990A1AED379500762BC2 /* MLPhotoBrowserTests.xctest */,
			);
			name = Products;
			sourceTree = "<group>";
		};
		48D198F31AED379500762BC2 /* MLPhotoBrowser */ = {
			isa = PBXGroup;
			children = (
				481E7DDB1AEE4A99008A7986 /* MLPhotoBrowser */,
				48CE807E1AEDE3E500AD85BB /* Example */,
				48D198F81AED379500762BC2 /* AppDelegate.h */,
				48D198F91AED379500762BC2 /* AppDelegate.m */,
				48D198FB1AED379500762BC2 /* ViewController.h */,
				48D198FC1AED379500762BC2 /* ViewController.m */,
				48D198FE1AED379500762BC2 /* Main.storyboard */,
				48D199011AED379500762BC2 /* Images.xcassets */,
				48D199031AED379500762BC2 /* LaunchScreen.xib */,
				48D198F41AED379500762BC2 /* Supporting Files */,
			);
			path = MLPhotoBrowser;
			sourceTree = "<group>";
		};
		48D198F41AED379500762BC2 /* Supporting Files */ = {
			isa = PBXGroup;
			children = (
				48D198F51AED379500762BC2 /* Info.plist */,
				48D198F61AED379500762BC2 /* main.m */,
			);
			name = "Supporting Files";
			sourceTree = "<group>";
		};
		48D1990D1AED379500762BC2 /* MLPhotoBrowserTests */ = {
			isa = PBXGroup;
			children = (
				48D199101AED379500762BC2 /* MLPhotoBrowserTests.m */,
				48D1990E1AED379500762BC2 /* Supporting Files */,
			);
			path = MLPhotoBrowserTests;
			sourceTree = "<group>";
		};
		48D1990E1AED379500762BC2 /* Supporting Files */ = {
			isa = PBXGroup;
			children = (
				48D1990F1AED379500762BC2 /* Info.plist */,
			);
			name = "Supporting Files";
			sourceTree = "<group>";
		};
		90DDE57D4C5A1F1E4AA2CADE /* Pods */ = {
			isa = PBXGroup;
			children = (
				A0BBA55AC470A0760BFE05E8 /* Pods.debug.xcconfig */,
				1C1FAD5CFBBF4507DE35E9F2 /* Pods.release.xcconfig */,
			);
			name = Pods;
			sourceTree = "<group>";
		};
		D85A391B8D110E86D6359A18 /* Frameworks */ = {
			isa = PBXGroup;
			children = (
				B530A2FF5EDEEC8AD791F390 /* libPods.a */,
			);
			name = Frameworks;
			sourceTree = "<group>";
		};
/* End PBXGroup section */

/* Begin PBXNativeTarget section */
		48D198F01AED379500762BC2 /* MLPhotoBrowser */ = {
			isa = PBXNativeTarget;
			buildConfigurationList = 48D199141AED379500762BC2 /* Build configuration list for PBXNativeTarget "MLPhotoBrowser" */;
			buildPhases = (
				C13AF446DE79C8F54788561F /* Check Pods Manifest.lock */,
				48D198ED1AED379500762BC2 /* Sources */,
				48D198EE1AED379500762BC2 /* Frameworks */,
				48D198EF1AED379500762BC2 /* Resources */,
				2AEFCEE4F02478117D200EAB /* Copy Pods Resources */,
			);
			buildRules = (
			);
			dependencies = (
			);
			name = MLPhotoBrowser;
			productName = MLPhotoBrowser;
			productReference = 48D198F11AED379500762BC2 /* MLPhotoBrowser.app */;
			productType = "com.apple.product-type.application";
		};
		48D199091AED379500762BC2 /* MLPhotoBrowserTests */ = {
			isa = PBXNativeTarget;
			buildConfigurationList = 48D199171AED379500762BC2 /* Build configuration list for PBXNativeTarget "MLPhotoBrowserTests" */;
			buildPhases = (
				48D199061AED379500762BC2 /* Sources */,
				48D199071AED379500762BC2 /* Frameworks */,
				48D199081AED379500762BC2 /* Resources */,
			);
			buildRules = (
			);
			dependencies = (
				48D1990C1AED379500762BC2 /* PBXTargetDependency */,
			);
			name = MLPhotoBrowserTests;
			productName = MLPhotoBrowserTests;
			productReference = 48D1990A1AED379500762BC2 /* MLPhotoBrowserTests.xctest */;
			productType = "com.apple.product-type.bundle.unit-test";
		};
/* End PBXNativeTarget section */

/* Begin PBXProject section */
		48D198E91AED379500762BC2 /* Project object */ = {
			isa = PBXProject;
			attributes = {
				LastUpgradeCheck = 0630;
				ORGANIZATIONNAME = www.weibo.com/makezl;
				TargetAttributes = {
					48D198F01AED379500762BC2 = {
						CreatedOnToolsVersion = 6.3;
					};
					48D199091AED379500762BC2 = {
						CreatedOnToolsVersion = 6.3;
						TestTargetID = 48D198F01AED379500762BC2;
					};
				};
			};
			buildConfigurationList = 48D198EC1AED379500762BC2 /* Build configuration list for PBXProject "MLPhotoBrowser" */;
			compatibilityVersion = "Xcode 3.2";
			developmentRegion = English;
			hasScannedForEncodings = 0;
			knownRegions = (
				en,
				Base,
			);
			mainGroup = 48D198E81AED379500762BC2;
			productRefGroup = 48D198F21AED379500762BC2 /* Products */;
			projectDirPath = "";
			projectRoot = "";
			targets = (
				48D198F01AED379500762BC2 /* MLPhotoBrowser */,
				48D199091AED379500762BC2 /* MLPhotoBrowserTests */,
			);
		};
/* End PBXProject section */

/* Begin PBXResourcesBuildPhase section */
		48D198EF1AED379500762BC2 /* Resources */ = {
			isa = PBXResourcesBuildPhase;
			buildActionMask = 2147483647;
			files = (
				481E7DFF1AEE4A99008A7986 /* MLPhotoBrowser.bundle in Resources */,
				48D199001AED379500762BC2 /* Main.storyboard in Resources */,
				48D199051AED379500762BC2 /* LaunchScreen.xib in Resources */,
				48D199021AED379500762BC2 /* Images.xcassets in Resources */,
			);
			runOnlyForDeploymentPostprocessing = 0;
		};
		48D199081AED379500762BC2 /* Resources */ = {
			isa = PBXResourcesBuildPhase;
			buildActionMask = 2147483647;
			files = (
			);
			runOnlyForDeploymentPostprocessing = 0;
		};
/* End PBXResourcesBuildPhase section */

/* Begin PBXShellScriptBuildPhase section */
		2AEFCEE4F02478117D200EAB /* Copy Pods Resources */ = {
			isa = PBXShellScriptBuildPhase;
			buildActionMask = 2147483647;
			files = (
			);
			inputPaths = (
			);
			name = "Copy Pods Resources";
			outputPaths = (
			);
			runOnlyForDeploymentPostprocessing = 0;
			shellPath = /bin/sh;
			shellScript = "\"${SRCROOT}/Pods/Target Support Files/Pods/Pods-resources.sh\"\n";
			showEnvVarsInLog = 0;
		};
		C13AF446DE79C8F54788561F /* Check Pods Manifest.lock */ = {
			isa = PBXShellScriptBuildPhase;
			buildActionMask = 2147483647;
			files = (
			);
			inputPaths = (
			);
			name = "Check Pods Manifest.lock";
			outputPaths = (
			);
			runOnlyForDeploymentPostprocessing = 0;
			shellPath = /bin/sh;
			shellScript = "diff \"${PODS_ROOT}/../Podfile.lock\" \"${PODS_ROOT}/Manifest.lock\" > /dev/null\nif [[ $? != 0 ]] ; then\n    cat << EOM\nerror: The sandbox is not in sync with the Podfile.lock. Run 'pod install' or update your CocoaPods installation.\nEOM\n    exit 1\nfi\n";
			showEnvVarsInLog = 0;
		};
/* End PBXShellScriptBuildPhase section */

/* Begin PBXSourcesBuildPhase section */
		48D198ED1AED379500762BC2 /* Sources */ = {
			isa = PBXSourcesBuildPhase;
			buildActionMask = 2147483647;
			files = (
				481E7DFE1AEE4A99008A7986 /* MLPhotoBrowserPhotoView.m in Sources */,
				481E7E051AEE4C76008A7986 /* UIImage+MLImageForBundle.m in Sources */,
				48D198FD1AED379500762BC2 /* ViewController.m in Sources */,
				48D198FA1AED379500762BC2 /* AppDelegate.m in Sources */,
				48D198F71AED379500762BC2 /* main.m in Sources */,
				481E7DCE1AEE293D008A7986 /* Example3ViewController.m in Sources */,
				481E7DF61AEE4A99008A7986 /* MLPhotoBrowserDatas.m in Sources */,
				481E7DF81AEE4A99008A7986 /* UIView+MLExtension.m in Sources */,
				481E7DFC1AEE4A99008A7986 /* MLPhotoBrowserPhotoImageView.m in Sources */,
				48CE80811AEDE3F700AD85BB /* Example1ViewController.m in Sources */,
				481E7DC81AEE292A008A7986 /* Example2ViewController.m in Sources */,
				481E7DF91AEE4A99008A7986 /* MLPhotoBrowserSignleViewController.m in Sources */,
				481E7DFD1AEE4A99008A7986 /* MLPhotoBrowserPhotoScrollView.m in Sources */,
				481E7DF51AEE4A99008A7986 /* MLPhotoBrowserAssets.m in Sources */,
				481E7DFB1AEE4A99008A7986 /* MLPhotoBrowserCustomToolBarView.m in Sources */,
				481E7DF71AEE4A99008A7986 /* MLPhotoBrowserPhoto.m in Sources */,
				481E7DFA1AEE4A99008A7986 /* MLPhotoBrowserViewController.m in Sources */,
			);
			runOnlyForDeploymentPostprocessing = 0;
		};
		48D199061AED379500762BC2 /* Sources */ = {
			isa = PBXSourcesBuildPhase;
			buildActionMask = 2147483647;
			files = (
				48D199111AED379500762BC2 /* MLPhotoBrowserTests.m in Sources */,
			);
			runOnlyForDeploymentPostprocessing = 0;
		};
/* End PBXSourcesBuildPhase section */

/* Begin PBXTargetDependency section */
		48D1990C1AED379500762BC2 /* PBXTargetDependency */ = {
			isa = PBXTargetDependency;
			target = 48D198F01AED379500762BC2 /* MLPhotoBrowser */;
			targetProxy = 48D1990B1AED379500762BC2 /* PBXContainerItemProxy */;
		};
/* End PBXTargetDependency section */

/* Begin PBXVariantGroup section */
		48D198FE1AED379500762BC2 /* Main.storyboard */ = {
			isa = PBXVariantGroup;
			children = (
				48D198FF1AED379500762BC2 /* Base */,
			);
			name = Main.storyboard;
			sourceTree = "<group>";
		};
		48D199031AED379500762BC2 /* LaunchScreen.xib */ = {
			isa = PBXVariantGroup;
			children = (
				48D199041AED379500762BC2 /* Base */,
			);
			name = LaunchScreen.xib;
			sourceTree = "<group>";
		};
/* End PBXVariantGroup section */

/* Begin XCBuildConfiguration section */
		48D199121AED379500762BC2 /* Debug */ = {
			isa = XCBuildConfiguration;
			buildSettings = {
				ALWAYS_SEARCH_USER_PATHS = NO;
				CLANG_CXX_LANGUAGE_STANDARD = "gnu++0x";
				CLANG_CXX_LIBRARY = "libc++";
				CLANG_ENABLE_MODULES = YES;
				CLANG_ENABLE_OBJC_ARC = YES;
				CLANG_WARN_BOOL_CONVERSION = YES;
				CLANG_WARN_CONSTANT_CONVERSION = YES;
				CLANG_WARN_DIRECT_OBJC_ISA_USAGE = YES_ERROR;
				CLANG_WARN_EMPTY_BODY = YES;
				CLANG_WARN_ENUM_CONVERSION = YES;
				CLANG_WARN_INT_CONVERSION = YES;
				CLANG_WARN_OBJC_ROOT_CLASS = YES_ERROR;
				CLANG_WARN_UNREACHABLE_CODE = YES;
				CLANG_WARN__DUPLICATE_METHOD_MATCH = YES;
				"CODE_SIGN_IDENTITY[sdk=iphoneos*]" = "iPhone Developer";
				COPY_PHASE_STRIP = NO;
				DEBUG_INFORMATION_FORMAT = "dwarf-with-dsym";
				ENABLE_STRICT_OBJC_MSGSEND = YES;
				GCC_C_LANGUAGE_STANDARD = gnu99;
				GCC_DYNAMIC_NO_PIC = NO;
				GCC_NO_COMMON_BLOCKS = YES;
				GCC_OPTIMIZATION_LEVEL = 0;
				GCC_PREPROCESSOR_DEFINITIONS = (
					"DEBUG=1",
					"$(inherited)",
				);
				GCC_SYMBOLS_PRIVATE_EXTERN = NO;
				GCC_WARN_64_TO_32_BIT_CONVERSION = YES;
				GCC_WARN_ABOUT_RETURN_TYPE = YES_ERROR;
				GCC_WARN_UNDECLARED_SELECTOR = YES;
				GCC_WARN_UNINITIALIZED_AUTOS = YES_AGGRESSIVE;
				GCC_WARN_UNUSED_FUNCTION = YES;
				GCC_WARN_UNUSED_VARIABLE = YES;
				IPHONEOS_DEPLOYMENT_TARGET = 8.3;
				MTL_ENABLE_DEBUG_INFO = YES;
				ONLY_ACTIVE_ARCH = YES;
				SDKROOT = iphoneos;
			};
			name = Debug;
		};
		48D199131AED379500762BC2 /* Release */ = {
			isa = XCBuildConfiguration;
			buildSettings = {
				ALWAYS_SEARCH_USER_PATHS = NO;
				CLANG_CXX_LANGUAGE_STANDARD = "gnu++0x";
				CLANG_CXX_LIBRARY = "libc++";
				CLANG_ENABLE_MODULES = YES;
				CLANG_ENABLE_OBJC_ARC = YES;
				CLANG_WARN_BOOL_CONVERSION = YES;
				CLANG_WARN_CONSTANT_CONVERSION = YES;
				CLANG_WARN_DIRECT_OBJC_ISA_USAGE = YES_ERROR;
				CLANG_WARN_EMPTY_BODY = YES;
				CLANG_WARN_ENUM_CONVERSION = YES;
				CLANG_WARN_INT_CONVERSION = YES;
				CLANG_WARN_OBJC_ROOT_CLASS = YES_ERROR;
				CLANG_WARN_UNREACHABLE_CODE = YES;
				CLANG_WARN__DUPLICATE_METHOD_MATCH = YES;
				"CODE_SIGN_IDENTITY[sdk=iphoneos*]" = "iPhone Developer";
				COPY_PHASE_STRIP = NO;
				DEBUG_INFORMATION_FORMAT = "dwarf-with-dsym";
				ENABLE_NS_ASSERTIONS = NO;
				ENABLE_STRICT_OBJC_MSGSEND = YES;
				GCC_C_LANGUAGE_STANDARD = gnu99;
				GCC_NO_COMMON_BLOCKS = YES;
				GCC_WARN_64_TO_32_BIT_CONVERSION = YES;
				GCC_WARN_ABOUT_RETURN_TYPE = YES_ERROR;
				GCC_WARN_UNDECLARED_SELECTOR = YES;
				GCC_WARN_UNINITIALIZED_AUTOS = YES_AGGRESSIVE;
				GCC_WARN_UNUSED_FUNCTION = YES;
				GCC_WARN_UNUSED_VARIABLE = YES;
				IPHONEOS_DEPLOYMENT_TARGET = 8.3;
				MTL_ENABLE_DEBUG_INFO = NO;
				SDKROOT = iphoneos;
				VALIDATE_PRODUCT = YES;
			};
			name = Release;
		};
		48D199151AED379500762BC2 /* Debug */ = {
			isa = XCBuildConfiguration;
			baseConfigurationReference = A0BBA55AC470A0760BFE05E8 /* Pods.debug.xcconfig */;
			buildSettings = {
				ASSETCATALOG_COMPILER_APPICON_NAME = AppIcon;
				INFOPLIST_FILE = MLPhotoBrowser/Info.plist;
				LD_RUNPATH_SEARCH_PATHS = "$(inherited) @executable_path/Frameworks";
				PRODUCT_NAME = "$(TARGET_NAME)";
			};
			name = Debug;
		};
		48D199161AED379500762BC2 /* Release */ = {
			isa = XCBuildConfiguration;
			baseConfigurationReference = 1C1FAD5CFBBF4507DE35E9F2 /* Pods.release.xcconfig */;
			buildSettings = {
				ASSETCATALOG_COMPILER_APPICON_NAME = AppIcon;
				INFOPLIST_FILE = MLPhotoBrowser/Info.plist;
				LD_RUNPATH_SEARCH_PATHS = "$(inherited) @executable_path/Frameworks";
				PRODUCT_NAME = "$(TARGET_NAME)";
			};
			name = Release;
		};
		48D199181AED379500762BC2 /* Debug */ = {
			isa = XCBuildConfiguration;
			buildSettings = {
				BUNDLE_LOADER = "$(TEST_HOST)";
				FRAMEWORK_SEARCH_PATHS = (
					"$(SDKROOT)/Developer/Library/Frameworks",
					"$(inherited)",
				);
				GCC_PREPROCESSOR_DEFINITIONS = (
					"DEBUG=1",
					"$(inherited)",
				);
				INFOPLIST_FILE = MLPhotoBrowserTests/Info.plist;
				LD_RUNPATH_SEARCH_PATHS = "$(inherited) @executable_path/Frameworks @loader_path/Frameworks";
				PRODUCT_NAME = "$(TARGET_NAME)";
				TEST_HOST = "$(BUILT_PRODUCTS_DIR)/MLPhotoBrowser.app/MLPhotoBrowser";
			};
			name = Debug;
		};
		48D199191AED379500762BC2 /* Release */ = {
			isa = XCBuildConfiguration;
			buildSettings = {
				BUNDLE_LOADER = "$(TEST_HOST)";
				FRAMEWORK_SEARCH_PATHS = (
					"$(SDKROOT)/Developer/Library/Frameworks",
					"$(inherited)",
				);
				INFOPLIST_FILE = MLPhotoBrowserTests/Info.plist;
				LD_RUNPATH_SEARCH_PATHS = "$(inherited) @executable_path/Frameworks @loader_path/Frameworks";
				PRODUCT_NAME = "$(TARGET_NAME)";
				TEST_HOST = "$(BUILT_PRODUCTS_DIR)/MLPhotoBrowser.app/MLPhotoBrowser";
			};
			name = Release;
		};
/* End XCBuildConfiguration section */

/* Begin XCConfigurationList section */
		48D198EC1AED379500762BC2 /* Build configuration list for PBXProject "MLPhotoBrowser" */ = {
			isa = XCConfigurationList;
			buildConfigurations = (
				48D199121AED379500762BC2 /* Debug */,
				48D199131AED379500762BC2 /* Release */,
			);
			defaultConfigurationIsVisible = 0;
			defaultConfigurationName = Release;
		};
		48D199141AED379500762BC2 /* Build configuration list for PBXNativeTarget "MLPhotoBrowser" */ = {
			isa = XCConfigurationList;
			buildConfigurations = (
				48D199151AED379500762BC2 /* Debug */,
				48D199161AED379500762BC2 /* Release */,
			);
			defaultConfigurationIsVisible = 0;
			defaultConfigurationName = Release;
		};
		48D199171AED379500762BC2 /* Build configuration list for PBXNativeTarget "MLPhotoBrowserTests" */ = {
			isa = XCConfigurationList;
			buildConfigurations = (
				48D199181AED379500762BC2 /* Debug */,
				48D199191AED379500762BC2 /* Release */,
			);
			defaultConfigurationIsVisible = 0;
			defaultConfigurationName = Release;
		};
/* End XCConfigurationList section */
	};
	rootObject = 48D198E91AED379500762BC2 /* Project object */;
}
